// !$*UTF8*$!
{
	archiveVersion = 1;
	classes = {
	};
	objectVersion = 50;
	objects = {

/* Begin PBXBuildFile section */
		6E15DB7526EA174100EE6CB8 /* MapKit.framework in Frameworks */ = {isa = PBXBuildFile; fileRef = 6E15DB7426EA174100EE6CB8 /* MapKit.framework */; };
		6E15DB7726EA17CA00EE6CB8 /* MapViewController.swift in Sources */ = {isa = PBXBuildFile; fileRef = 6E15DB7626EA17CA00EE6CB8 /* MapViewController.swift */; };
		6E3CA44426DFBB2F004F04D7 /* LocationDetailsViewController.swift in Sources */ = {isa = PBXBuildFile; fileRef = 6E3CA44326DFBB2F004F04D7 /* LocationDetailsViewController.swift */; };
		6E5E830026DCCD0A008B372C /* AppDelegate.swift in Sources */ = {isa = PBXBuildFile; fileRef = 6E5E82FF26DCCD0A008B372C /* AppDelegate.swift */; };
		6E5E830226DCCD0A008B372C /* SceneDelegate.swift in Sources */ = {isa = PBXBuildFile; fileRef = 6E5E830126DCCD0A008B372C /* SceneDelegate.swift */; };
		6E5E830426DCCD0A008B372C /* CurrentLocationViewController.swift in Sources */ = {isa = PBXBuildFile; fileRef = 6E5E830326DCCD0A008B372C /* CurrentLocationViewController.swift */; };
		6E5E830926DCCD0A008B372C /* Main.storyboard in Resources */ = {isa = PBXBuildFile; fileRef = 6E5E830726DCCD0A008B372C /* Main.storyboard */; };
		6E5E830B26DCCD0B008B372C /* Assets.xcassets in Resources */ = {isa = PBXBuildFile; fileRef = 6E5E830A26DCCD0B008B372C /* Assets.xcassets */; };
		6E5E830E26DCCD0B008B372C /* LaunchScreen.storyboard in Resources */ = {isa = PBXBuildFile; fileRef = 6E5E830C26DCCD0B008B372C /* LaunchScreen.storyboard */; };
		6E9256AE26E0CCA40016A73C /* CategoryPickerViewController.swift in Sources */ = {isa = PBXBuildFile; fileRef = 6E9256AD26E0CCA40016A73C /* CategoryPickerViewController.swift */; };
		6E9256B026E107A90016A73C /* HudView.swift in Sources */ = {isa = PBXBuildFile; fileRef = 6E9256AF26E107A90016A73C /* HudView.swift */; };
		6E9DD09626EB9FFE006FC028 /* UIImage+Resize.swift in Sources */ = {isa = PBXBuildFile; fileRef = 6E9DD09526EB9FFE006FC028 /* UIImage+Resize.swift */; };
		6EA5B51726E78A980092F396 /* LocationsViewController.swift in Sources */ = {isa = PBXBuildFile; fileRef = 6EA5B51626E78A980092F396 /* LocationsViewController.swift */; };
		6EA5B51926E7ADA00092F396 /* LocationCell.swift in Sources */ = {isa = PBXBuildFile; fileRef = 6EA5B51826E7ADA00092F396 /* LocationCell.swift */; };
		6EBDB84026E62B0900E1B89D /* Functions.swift in Sources */ = {isa = PBXBuildFile; fileRef = 6EBDB83F26E62B0900E1B89D /* Functions.swift */; };
		6EBDB84326E62F1300E1B89D /* DataModel.xcdatamodeld in Sources */ = {isa = PBXBuildFile; fileRef = 6EBDB84126E62F1300E1B89D /* DataModel.xcdatamodeld */; };
		6EBDB84626E633C200E1B89D /* Location+CoreDataClass.swift in Sources */ = {isa = PBXBuildFile; fileRef = 6EBDB84426E633C200E1B89D /* Location+CoreDataClass.swift */; };
		6EBDB84726E633C200E1B89D /* Location+CoreDataProperties.swift in Sources */ = {isa = PBXBuildFile; fileRef = 6EBDB84526E633C200E1B89D /* Location+CoreDataProperties.swift */; };
/* End PBXBuildFile section */

/* Begin PBXFileReference section */
		6E15DB7426EA174100EE6CB8 /* MapKit.framework */ = {isa = PBXFileReference; lastKnownFileType = wrapper.framework; name = MapKit.framework; path = System/Library/Frameworks/MapKit.framework; sourceTree = SDKROOT; };
		6E15DB7626EA17CA00EE6CB8 /* MapViewController.swift */ = {isa = PBXFileReference; lastKnownFileType = sourcecode.swift; path = MapViewController.swift; sourceTree = "<group>"; };
		6E3CA44326DFBB2F004F04D7 /* LocationDetailsViewController.swift */ = {isa = PBXFileReference; lastKnownFileType = sourcecode.swift; path = LocationDetailsViewController.swift; sourceTree = "<group>"; };
		6E5E82FC26DCCD0A008B372C /* MyLocations.app */ = {isa = PBXFileReference; explicitFileType = wrapper.application; includeInIndex = 0; path = MyLocations.app; sourceTree = BUILT_PRODUCTS_DIR; };
		6E5E82FF26DCCD0A008B372C /* AppDelegate.swift */ = {isa = PBXFileReference; lastKnownFileType = sourcecode.swift; path = AppDelegate.swift; sourceTree = "<group>"; };
		6E5E830126DCCD0A008B372C /* SceneDelegate.swift */ = {isa = PBXFileReference; lastKnownFileType = sourcecode.swift; path = SceneDelegate.swift; sourceTree = "<group>"; };
		6E5E830326DCCD0A008B372C /* CurrentLocationViewController.swift */ = {isa = PBXFileReference; lastKnownFileType = sourcecode.swift; path = CurrentLocationViewController.swift; sourceTree = "<group>"; };
		6E5E830826DCCD0A008B372C /* Base */ = {isa = PBXFileReference; lastKnownFileType = file.storyboard; name = Base; path = Base.lproj/Main.storyboard; sourceTree = "<group>"; };
		6E5E830A26DCCD0B008B372C /* Assets.xcassets */ = {isa = PBXFileReference; lastKnownFileType = folder.assetcatalog; path = Assets.xcassets; sourceTree = "<group>"; };
		6E5E830D26DCCD0B008B372C /* Base */ = {isa = PBXFileReference; lastKnownFileType = file.storyboard; name = Base; path = Base.lproj/LaunchScreen.storyboard; sourceTree = "<group>"; };
		6E5E830F26DCCD0B008B372C /* Info.plist */ = {isa = PBXFileReference; lastKnownFileType = text.plist.xml; path = Info.plist; sourceTree = "<group>"; };
		6E9256AD26E0CCA40016A73C /* CategoryPickerViewController.swift */ = {isa = PBXFileReference; lastKnownFileType = sourcecode.swift; path = CategoryPickerViewController.swift; sourceTree = "<group>"; };
		6E9256AF26E107A90016A73C /* HudView.swift */ = {isa = PBXFileReference; lastKnownFileType = sourcecode.swift; path = HudView.swift; sourceTree = "<group>"; };
		6E9DD09526EB9FFE006FC028 /* UIImage+Resize.swift */ = {isa = PBXFileReference; lastKnownFileType = sourcecode.swift; path = "UIImage+Resize.swift"; sourceTree = "<group>"; };
		6EA5B51626E78A980092F396 /* LocationsViewController.swift */ = {isa = PBXFileReference; lastKnownFileType = sourcecode.swift; path = LocationsViewController.swift; sourceTree = "<group>"; };
		6EA5B51826E7ADA00092F396 /* LocationCell.swift */ = {isa = PBXFileReference; lastKnownFileType = sourcecode.swift; path = LocationCell.swift; sourceTree = "<group>"; };
		6EBDB83F26E62B0900E1B89D /* Functions.swift */ = {isa = PBXFileReference; lastKnownFileType = sourcecode.swift; path = Functions.swift; sourceTree = "<group>"; };
		6EBDB84226E62F1300E1B89D /* DataModel.xcdatamodel */ = {isa = PBXFileReference; lastKnownFileType = wrapper.xcdatamodel; path = DataModel.xcdatamodel; sourceTree = "<group>"; };
		6EBDB84426E633C200E1B89D /* Location+CoreDataClass.swift */ = {isa = PBXFileReference; lastKnownFileType = sourcecode.swift; path = "Location+CoreDataClass.swift"; sourceTree = "<group>"; };
		6EBDB84526E633C200E1B89D /* Location+CoreDataProperties.swift */ = {isa = PBXFileReference; lastKnownFileType = sourcecode.swift; path = "Location+CoreDataProperties.swift"; sourceTree = "<group>"; };
/* End PBXFileReference section */

/* Begin PBXFrameworksBuildPhase section */
		6E5E82F926DCCD0A008B372C /* Frameworks */ = {
			isa = PBXFrameworksBuildPhase;
			buildActionMask = 2147483647;
			files = (
				6E15DB7526EA174100EE6CB8 /* MapKit.framework in Frameworks */,
			);
			runOnlyForDeploymentPostprocessing = 0;
		};
/* End PBXFrameworksBuildPhase section */

/* Begin PBXGroup section */
		6E15DB7326EA174100EE6CB8 /* Frameworks */ = {
			isa = PBXGroup;
			children = (
				6E15DB7426EA174100EE6CB8 /* MapKit.framework */,
			);
			name = Frameworks;
			sourceTree = "<group>";
		};
		6E5E82F326DCCD0A008B372C = {
			isa = PBXGroup;
			children = (
				6E5E82FE26DCCD0A008B372C /* MyLocations */,
				6E5E82FD26DCCD0A008B372C /* Products */,
				6E15DB7326EA174100EE6CB8 /* Frameworks */,
			);
			sourceTree = "<group>";
		};
		6E5E82FD26DCCD0A008B372C /* Products */ = {
			isa = PBXGroup;
			children = (
				6E5E82FC26DCCD0A008B372C /* MyLocations.app */,
			);
			name = Products;
			sourceTree = "<group>";
		};
		6E5E82FE26DCCD0A008B372C /* MyLocations */ = {
			isa = PBXGroup;
			children = (
				6E5E82FF26DCCD0A008B372C /* AppDelegate.swift */,
				6E5E830126DCCD0A008B372C /* SceneDelegate.swift */,
				6E5E830326DCCD0A008B372C /* CurrentLocationViewController.swift */,
				6E5E830726DCCD0A008B372C /* Main.storyboard */,
				6E5E830A26DCCD0B008B372C /* Assets.xcassets */,
				6E5E830C26DCCD0B008B372C /* LaunchScreen.storyboard */,
				6E5E830F26DCCD0B008B372C /* Info.plist */,
				6E3CA44326DFBB2F004F04D7 /* LocationDetailsViewController.swift */,
				6E9256AD26E0CCA40016A73C /* CategoryPickerViewController.swift */,
				6EA5B51626E78A980092F396 /* LocationsViewController.swift */,
				6EA5B51826E7ADA00092F396 /* LocationCell.swift */,
				6E9DD09526EB9FFE006FC028 /* UIImage+Resize.swift */,
				6E9256AF26E107A90016A73C /* HudView.swift */,
				6EBDB83F26E62B0900E1B89D /* Functions.swift */,
				6E15DB7626EA17CA00EE6CB8 /* MapViewController.swift */,
				6EBDB84126E62F1300E1B89D /* DataModel.xcdatamodeld */,
				6EBDB84426E633C200E1B89D /* Location+CoreDataClass.swift */,
				6EBDB84526E633C200E1B89D /* Location+CoreDataProperties.swift */,
			);
			path = MyLocations;
			sourceTree = "<group>";
		};
/* End PBXGroup section */

/* Begin PBXNativeTarget section */
		6E5E82FB26DCCD0A008B372C /* MyLocations */ = {
			isa = PBXNativeTarget;
			buildConfigurationList = 6E5E831226DCCD0B008B372C /* Build configuration list for PBXNativeTarget "MyLocations" */;
			buildPhases = (
				6E5E82F826DCCD0A008B372C /* Sources */,
				6E5E82F926DCCD0A008B372C /* Frameworks */,
				6E5E82FA26DCCD0A008B372C /* Resources */,
			);
			buildRules = (
			);
			dependencies = (
			);
			name = MyLocations;
			productName = MyLocations;
			productReference = 6E5E82FC26DCCD0A008B372C /* MyLocations.app */;
			productType = "com.apple.product-type.application";
		};
/* End PBXNativeTarget section */

/* Begin PBXProject section */
		6E5E82F426DCCD0A008B372C /* Project object */ = {
			isa = PBXProject;
			attributes = {
				LastSwiftUpdateCheck = 1130;
				LastUpgradeCheck = 1130;
				ORGANIZATIONNAME = "Malysh Tim";
				TargetAttributes = {
					6E5E82FB26DCCD0A008B372C = {
						CreatedOnToolsVersion = 11.3.1;
					};
				};
			};
			buildConfigurationList = 6E5E82F726DCCD0A008B372C /* Build configuration list for PBXProject "MyLocations" */;
			compatibilityVersion = "Xcode 9.3";
			developmentRegion = en;
			hasScannedForEncodings = 0;
			knownRegions = (
				en,
				Base,
			);
			mainGroup = 6E5E82F326DCCD0A008B372C;
			productRefGroup = 6E5E82FD26DCCD0A008B372C /* Products */;
			projectDirPath = "";
			projectRoot = "";
			targets = (
				6E5E82FB26DCCD0A008B372C /* MyLocations */,
			);
		};
/* End PBXProject section */

/* Begin PBXResourcesBuildPhase section */
		6E5E82FA26DCCD0A008B372C /* Resources */ = {
			isa = PBXResourcesBuildPhase;
			buildActionMask = 2147483647;
			files = (
				6E5E830E26DCCD0B008B372C /* LaunchScreen.storyboard in Resources */,
				6E5E830B26DCCD0B008B372C /* Assets.xcassets in Resources */,
				6E5E830926DCCD0A008B372C /* Main.storyboard in Resources */,
			);
			runOnlyForDeploymentPostprocessing = 0;
		};
/* End PBXResourcesBuildPhase section */

/* Begin PBXSourcesBuildPhase section */
		6E5E82F826DCCD0A008B372C /* Sources */ = {
			isa = PBXSourcesBuildPhase;
			buildActionMask = 2147483647;
			files = (
				6E9256AE26E0CCA40016A73C /* CategoryPickerViewController.swift in Sources */,
				6EBDB84726E633C200E1B89D /* Location+CoreDataProperties.swift in Sources */,
				6E5E830426DCCD0A008B372C /* CurrentLocationViewController.swift in Sources */,
				6EBDB84026E62B0900E1B89D /* Functions.swift in Sources */,
				6EA5B51926E7ADA00092F396 /* LocationCell.swift in Sources */,
				6E5E830026DCCD0A008B372C /* AppDelegate.swift in Sources */,
				6E15DB7726EA17CA00EE6CB8 /* MapViewController.swift in Sources */,
				6E9DD09626EB9FFE006FC028 /* UIImage+Resize.swift in Sources */,
				6E5E830226DCCD0A008B372C /* SceneDelegate.swift in Sources */,
				6EBDB84326E62F1300E1B89D /* DataModel.xcdatamodeld in Sources */,
				6E9256B026E107A90016A73C /* HudView.swift in Sources */,
				6EBDB84626E633C200E1B89D /* Location+CoreDataClass.swift in Sources */,
				6E3CA44426DFBB2F004F04D7 /* LocationDetailsViewController.swift in Sources */,
				6EA5B51726E78A980092F396 /* LocationsViewController.swift in Sources */,
			);
			runOnlyForDeploymentPostprocessing = 0;
		};
/* End PBXSourcesBuildPhase section */

/* Begin PBXVariantGroup section */
		6E5E830726DCCD0A008B372C /* Main.storyboard */ = {
			isa = PBXVariantGroup;
			children = (
				6E5E830826DCCD0A008B372C /* Base */,
			);
			name = Main.storyboard;
			sourceTree = "<group>";
		};
		6E5E830C26DCCD0B008B372C /* LaunchScreen.storyboard */ = {
			isa = PBXVariantGroup;
			children = (
				6E5E830D26DCCD0B008B372C /* Base */,
			);
			name = LaunchScreen.storyboard;
			sourceTree = "<group>";
		};
/* End PBXVariantGroup section */

/* Begin XCBuildConfiguration section */
		6E5E831026DCCD0B008B372C /* Debug */ = {
			isa = XCBuildConfiguration;
			buildSettings = {
				ALWAYS_SEARCH_USER_PATHS = NO;
				CLANG_ANALYZER_NONNULL = YES;
				CLANG_ANALYZER_NUMBER_OBJECT_CONVERSION = YES_AGGRESSIVE;
				CLANG_CXX_LANGUAGE_STANDARD = "gnu++14";
				CLANG_CXX_LIBRARY = "libc++";
				CLANG_ENABLE_MODULES = YES;
				CLANG_ENABLE_OBJC_ARC = YES;
				CLANG_ENABLE_OBJC_WEAK = YES;
				CLANG_WARN_BLOCK_CAPTURE_AUTORELEASING = YES;
				CLANG_WARN_BOOL_CONVERSION = YES;
				CLANG_WARN_COMMA = YES;
				CLANG_WARN_CONSTANT_CONVERSION = YES;
				CLANG_WARN_DEPRECATED_OBJC_IMPLEMENTATIONS = YES;
				CLANG_WARN_DIRECT_OBJC_ISA_USAGE = YES_ERROR;
				CLANG_WARN_DOCUMENTATION_COMMENTS = YES;
				CLANG_WARN_EMPTY_BODY = YES;
				CLANG_WARN_ENUM_CONVERSION = YES;
				CLANG_WARN_INFINITE_RECURSION = YES;
				CLANG_WARN_INT_CONVERSION = YES;
				CLANG_WARN_NON_LITERAL_NULL_CONVERSION = YES;
				CLANG_WARN_OBJC_IMPLICIT_RETAIN_SELF = YES;
				CLANG_WARN_OBJC_LITERAL_CONVERSION = YES;
				CLANG_WARN_OBJC_ROOT_CLASS = YES_ERROR;
				CLANG_WARN_RANGE_LOOP_ANALYSIS = YES;
				CLANG_WARN_STRICT_PROTOTYPES = YES;
				CLANG_WARN_SUSPICIOUS_MOVE = YES;
				CLANG_WARN_UNGUARDED_AVAILABILITY = YES_AGGRESSIVE;
				CLANG_WARN_UNREACHABLE_CODE = YES;
				CLANG_WARN__DUPLICATE_METHOD_MATCH = YES;
				COPY_PHASE_STRIP = NO;
				DEBUG_INFORMATION_FORMAT = dwarf;
				ENABLE_STRICT_OBJC_MSGSEND = YES;
				ENABLE_TESTABILITY = YES;
				GCC_C_LANGUAGE_STANDARD = gnu11;
				GCC_DYNAMIC_NO_PIC = NO;
				GCC_NO_COMMON_BLOCKS = YES;
				GCC_OPTIMIZATION_LEVEL = 0;
				GCC_PREPROCESSOR_DEFINITIONS = (
					"DEBUG=1",
					"$(inherited)",
				);
				GCC_WARN_64_TO_32_BIT_CONVERSION = YES;
				GCC_WARN_ABOUT_RETURN_TYPE = YES_ERROR;
				GCC_WARN_UNDECLARED_SELECTOR = YES;
				GCC_WARN_UNINITIALIZED_AUTOS = YES_AGGRESSIVE;
				GCC_WARN_UNUSED_FUNCTION = YES;
				GCC_WARN_UNUSED_VARIABLE = YES;
				IPHONEOS_DEPLOYMENT_TARGET = 13.2;
				MTL_ENABLE_DEBUG_INFO = INCLUDE_SOURCE;
				MTL_FAST_MATH = YES;
				ONLY_ACTIVE_ARCH = YES;
				SDKROOT = iphoneos;
				SWIFT_ACTIVE_COMPILATION_CONDITIONS = DEBUG;
				SWIFT_OPTIMIZATION_LEVEL = "-Onone";
			};
			name = Debug;
		};
		6E5E831126DCCD0B008B372C /* Release */ = {
			isa = XCBuildConfiguration;
			buildSettings = {
				ALWAYS_SEARCH_USER_PATHS = NO;
				CLANG_ANALYZER_NONNULL = YES;
				CLANG_ANALYZER_NUMBER_OBJECT_CONVERSION = YES_AGGRESSIVE;
				CLANG_CXX_LANGUAGE_STANDARD = "gnu++14";
				CLANG_CXX_LIBRARY = "libc++";
				CLANG_ENABLE_MODULES = YES;
				CLANG_ENABLE_OBJC_ARC = YES;
				CLANG_ENABLE_OBJC_WEAK = YES;
				CLANG_WARN_BLOCK_CAPTURE_AUTORELEASING = YES;
				CLANG_WARN_BOOL_CONVERSION = YES;
				CLANG_WARN_COMMA = YES;
				CLANG_WARN_CONSTANT_CONVERSION = YES;
				CLANG_WARN_DEPRECATED_OBJC_IMPLEMENTATIONS = YES;
				CLANG_WARN_DIRECT_OBJC_ISA_USAGE = YES_ERROR;
				CLANG_WARN_DOCUMENTATION_COMMENTS = YES;
				CLANG_WARN_EMPTY_BODY = YES;
				CLANG_WARN_ENUM_CONVERSION = YES;
				CLANG_WARN_INFINITE_RECURSION = YES;
				CLANG_WARN_INT_CONVERSION = YES;
				CLANG_WARN_NON_LITERAL_NULL_CONVERSION = YES;
				CLANG_WARN_OBJC_IMPLICIT_RETAIN_SELF = YES;
				CLANG_WARN_OBJC_LITERAL_CONVERSION = YES;
				CLANG_WARN_OBJC_ROOT_CLASS = YES_ERROR;
				CLANG_WARN_RANGE_LOOP_ANALYSIS = YES;
				CLANG_WARN_STRICT_PROTOTYPES = YES;
				CLANG_WARN_SUSPICIOUS_MOVE = YES;
				CLANG_WARN_UNGUARDED_AVAILABILITY = YES_AGGRESSIVE;
				CLANG_WARN_UNREACHABLE_CODE = YES;
				CLANG_WARN__DUPLICATE_METHOD_MATCH = YES;
				COPY_PHASE_STRIP = NO;
				DEBUG_INFORMATION_FORMAT = "dwarf-with-dsym";
				ENABLE_NS_ASSERTIONS = NO;
				ENABLE_STRICT_OBJC_MSGSEND = YES;
				GCC_C_LANGUAGE_STANDARD = gnu11;
				GCC_NO_COMMON_BLOCKS = YES;
				GCC_WARN_64_TO_32_BIT_CONVERSION = YES;
				GCC_WARN_ABOUT_RETURN_TYPE = YES_ERROR;
				GCC_WARN_UNDECLARED_SELECTOR = YES;
				GCC_WARN_UNINITIALIZED_AUTOS = YES_AGGRESSIVE;
				GCC_WARN_UNUSED_FUNCTION = YES;
				GCC_WARN_UNUSED_VARIABLE = YES;
				IPHONEOS_DEPLOYMENT_TARGET = 13.2;
				MTL_ENABLE_DEBUG_INFO = NO;
				MTL_FAST_MATH = YES;
				SDKROOT = iphoneos;
				SWIFT_COMPILATION_MODE = wholemodule;
				SWIFT_OPTIMIZATION_LEVEL = "-O";
				VALIDATE_PRODUCT = YES;
			};
			name = Release;
		};
		6E5E831326DCCD0B008B372C /* Debug */ = {
			isa = XCBuildConfiguration;
			buildSettings = {
				ASSETCATALOG_COMPILER_APPICON_NAME = AppIcon;
				CODE_SIGN_STYLE = Automatic;
				DEVELOPMENT_TEAM = P6Z4473U6P;
				INFOPLIST_FILE = MyLocations/Info.plist;
				LD_RUNPATH_SEARCH_PATHS = (
					"$(inherited)",
					"@executable_path/Frameworks",
				);
				PRODUCT_BUNDLE_IDENTIFIER = com.MalyshTIm.MyLocations;
				PRODUCT_NAME = "$(TARGET_NAME)";
				SWIFT_VERSION = 5.0;
				TARGETED_DEVICE_FAMILY = "1,2";
			};
			name = Debug;
		};
		6E5E831426DCCD0B008B372C /* Release */ = {
			isa = XCBuildConfiguration;
			buildSettings = {
				ASSETCATALOG_COMPILER_APPICON_NAME = AppIcon;
				CODE_SIGN_STYLE = Automatic;
				DEVELOPMENT_TEAM = P6Z4473U6P;
				INFOPLIST_FILE = MyLocations/Info.plist;
				LD_RUNPATH_SEARCH_PATHS = (
					"$(inherited)",
					"@executable_path/Frameworks",
				);
				PRODUCT_BUNDLE_IDENTIFIER = com.MalyshTIm.MyLocations;
				PRODUCT_NAME = "$(TARGET_NAME)";
				SWIFT_VERSION = 5.0;
				TARGETED_DEVICE_FAMILY = "1,2";
			};
			name = Release;
		};
/* End XCBuildConfiguration section */

/* Begin XCConfigurationList section */
		6E5E82F726DCCD0A008B372C /* Build configuration list for PBXProject "MyLocations" */ = {
			isa = XCConfigurationList;
			buildConfigurations = (
				6E5E831026DCCD0B008B372C /* Debug */,
				6E5E831126DCCD0B008B372C /* Release */,
			);
			defaultConfigurationIsVisible = 0;
			defaultConfigurationName = Release;
		};
		6E5E831226DCCD0B008B372C /* Build configuration list for PBXNativeTarget "MyLocations" */ = {
			isa = XCConfigurationList;
			buildConfigurations = (
				6E5E831326DCCD0B008B372C /* Debug */,
				6E5E831426DCCD0B008B372C /* Release */,
			);
			defaultConfigurationIsVisible = 0;
			defaultConfigurationName = Release;
		};
/* End XCConfigurationList section */

/* Begin XCVersionGroup section */
		6EBDB84126E62F1300E1B89D /* DataModel.xcdatamodeld */ = {
			isa = XCVersionGroup;
			children = (
				6EBDB84226E62F1300E1B89D /* DataModel.xcdatamodel */,
			);
			currentVersion = 6EBDB84226E62F1300E1B89D /* DataModel.xcdatamodel */;
			path = DataModel.xcdatamodeld;
			sourceTree = "<group>";
			versionGroupType = wrapper.xcdatamodel;
		};
/* End XCVersionGroup section */
	};
	rootObject = 6E5E82F426DCCD0A008B372C /* Project object */;
}
